
Microsoft Visual Studio Solution File, Format Version 12.00
# Visual Studio Version 17
VisualStudioVersion = 17.11.35431.28
MinimumVisualStudioVersion = 10.0.40219.1
Project("{FAE04EC0-301F-11D3-BF4B-00C04F79EFBC}") = "GUITestApplication", "GUITestApplication.csproj", "{8E457B34-2361-4307-80BE-A34BF5AD9D59}"
EndProject
Global
	GlobalSection(SolutionConfigurationPlatforms) = preSolution
		Debug|Any CPU = Debug|Any CPU
		Release|Any CPU = Release|Any CPU
	EndGlobalSection
	GlobalSection(ProjectConfigurationPlatforms) = postSolution
		{8E457B34-2361-4307-80BE-A34BF5AD9D59}.Debug|Any CPU.ActiveCfg = Debug|Any CPU
		{8E457B34-2361-4307-80BE-A34BF5AD9D59}.Debug|Any CPU.Build.0 = Debug|Any CPU
		{8E457B34-2361-4307-80BE-A34BF5AD9D59}.Release|Any CPU.ActiveCfg = Release|Any CPU
		{8E457B34-2361-4307-80BE-A34BF5AD9D59}.Release|Any CPU.Build.0 = Release|Any CPU
	EndGlobalSection
	GlobalSection(SolutionProperties) = preSolution
		HideSolutionNode = FALSE
	EndGlobalSection
	GlobalSection(ExtensibilityGlobals) = postSolution
		SolutionGuid = {F9E1FD28-A41A-4E59-82FA-BBDFD0EF97DD}
	EndGlobalSection
EndGlobal
